// !$*UTF8*$!
{
	archiveVersion = 1;
	classes = {
	};
	objectVersion = 50;
	objects = {

/* Begin PBXBuildFile section */
		682393B52267DBF600185645 /* AppDelegate.swift in Sources */ = {isa = PBXBuildFile; fileRef = 682393B42267DBF600185645 /* AppDelegate.swift */; };
		682393BA2267DBF600185645 /* Main.storyboard in Resources */ = {isa = PBXBuildFile; fileRef = 682393B82267DBF600185645 /* Main.storyboard */; };
		682393BD2267DBF600185645 /* CoreDataExpense.xcdatamodeld in Sources */ = {isa = PBXBuildFile; fileRef = 682393BB2267DBF600185645 /* CoreDataExpense.xcdatamodeld */; };
		682393BF2267DBF800185645 /* Assets.xcassets in Resources */ = {isa = PBXBuildFile; fileRef = 682393BE2267DBF800185645 /* Assets.xcassets */; };
		682393C22267DBF800185645 /* LaunchScreen.storyboard in Resources */ = {isa = PBXBuildFile; fileRef = 682393C02267DBF800185645 /* LaunchScreen.storyboard */; };
		682393CD2267DBF800185645 /* CoreDataExpenseTests.swift in Sources */ = {isa = PBXBuildFile; fileRef = 682393CC2267DBF800185645 /* CoreDataExpenseTests.swift */; };
		682393D82267DBF800185645 /* CoreDataExpenseUITests.swift in Sources */ = {isa = PBXBuildFile; fileRef = 682393D72267DBF800185645 /* CoreDataExpenseUITests.swift */; };
		682393E62267DC4100185645 /* ExpenseViewController.swift in Sources */ = {isa = PBXBuildFile; fileRef = 682393E52267DC4100185645 /* ExpenseViewController.swift */; };
		682393E82267DCB800185645 /* SingleExpenseViewController.swift in Sources */ = {isa = PBXBuildFile; fileRef = 682393E72267DCB800185645 /* SingleExpenseViewController.swift */; };
		682393EB2269199E00185645 /* Expense+CoreDataClass.swift in Sources */ = {isa = PBXBuildFile; fileRef = 682393E92269199E00185645 /* Expense+CoreDataClass.swift */; };
		682393EC2269199E00185645 /* Expense+CoreDataProperties.swift in Sources */ = {isa = PBXBuildFile; fileRef = 682393EA2269199E00185645 /* Expense+CoreDataProperties.swift */; };
/* End PBXBuildFile section */

/* Begin PBXContainerItemProxy section */
		682393C92267DBF800185645 /* PBXContainerItemProxy */ = {
			isa = PBXContainerItemProxy;
			containerPortal = 682393A92267DBF600185645 /* Project object */;
			proxyType = 1;
			remoteGlobalIDString = 682393B02267DBF600185645;
			remoteInfo = CoreDataExpense;
		};
		682393D42267DBF800185645 /* PBXContainerItemProxy */ = {
			isa = PBXContainerItemProxy;
			containerPortal = 682393A92267DBF600185645 /* Project object */;
			proxyType = 1;
			remoteGlobalIDString = 682393B02267DBF600185645;
			remoteInfo = CoreDataExpense;
		};
/* End PBXContainerItemProxy section */

/* Begin PBXFileReference section */
		682393B12267DBF600185645 /* CoreDataExpense.app */ = {isa = PBXFileReference; explicitFileType = wrapper.application; includeInIndex = 0; path = CoreDataExpense.app; sourceTree = BUILT_PRODUCTS_DIR; };
		682393B42267DBF600185645 /* AppDelegate.swift */ = {isa = PBXFileReference; lastKnownFileType = sourcecode.swift; path = AppDelegate.swift; sourceTree = "<group>"; };
		682393B92267DBF600185645 /* Base */ = {isa = PBXFileReference; lastKnownFileType = file.storyboard; name = Base; path = Base.lproj/Main.storyboard; sourceTree = "<group>"; };
		682393BC2267DBF600185645 /* CoreDataExpense.xcdatamodel */ = {isa = PBXFileReference; lastKnownFileType = wrapper.xcdatamodel; path = CoreDataExpense.xcdatamodel; sourceTree = "<group>"; };
		682393BE2267DBF800185645 /* Assets.xcassets */ = {isa = PBXFileReference; lastKnownFileType = folder.assetcatalog; path = Assets.xcassets; sourceTree = "<group>"; };
		682393C12267DBF800185645 /* Base */ = {isa = PBXFileReference; lastKnownFileType = file.storyboard; name = Base; path = Base.lproj/LaunchScreen.storyboard; sourceTree = "<group>"; };
		682393C32267DBF800185645 /* Info.plist */ = {isa = PBXFileReference; lastKnownFileType = text.plist.xml; path = Info.plist; sourceTree = "<group>"; };
		682393C82267DBF800185645 /* CoreDataExpenseTests.xctest */ = {isa = PBXFileReference; explicitFileType = wrapper.cfbundle; includeInIndex = 0; path = CoreDataExpenseTests.xctest; sourceTree = BUILT_PRODUCTS_DIR; };
		682393CC2267DBF800185645 /* CoreDataExpenseTests.swift */ = {isa = PBXFileReference; lastKnownFileType = sourcecode.swift; path = CoreDataExpenseTests.swift; sourceTree = "<group>"; };
		682393CE2267DBF800185645 /* Info.plist */ = {isa = PBXFileReference; lastKnownFileType = text.plist.xml; path = Info.plist; sourceTree = "<group>"; };
		682393D32267DBF800185645 /* CoreDataExpenseUITests.xctest */ = {isa = PBXFileReference; explicitFileType = wrapper.cfbundle; includeInIndex = 0; path = CoreDataExpenseUITests.xctest; sourceTree = BUILT_PRODUCTS_DIR; };
		682393D72267DBF800185645 /* CoreDataExpenseUITests.swift */ = {isa = PBXFileReference; lastKnownFileType = sourcecode.swift; path = CoreDataExpenseUITests.swift; sourceTree = "<group>"; };
		682393D92267DBF800185645 /* Info.plist */ = {isa = PBXFileReference; lastKnownFileType = text.plist.xml; path = Info.plist; sourceTree = "<group>"; };
		682393E52267DC4100185645 /* ExpenseViewController.swift */ = {isa = PBXFileReference; lastKnownFileType = sourcecode.swift; path = ExpenseViewController.swift; sourceTree = "<group>"; };
		682393E72267DCB800185645 /* SingleExpenseViewController.swift */ = {isa = PBXFileReference; lastKnownFileType = sourcecode.swift; path = SingleExpenseViewController.swift; sourceTree = "<group>"; };
		682393E92269199E00185645 /* Expense+CoreDataClass.swift */ = {isa = PBXFileReference; lastKnownFileType = sourcecode.swift; path = "Expense+CoreDataClass.swift"; sourceTree = "<group>"; };
		682393EA2269199E00185645 /* Expense+CoreDataProperties.swift */ = {isa = PBXFileReference; lastKnownFileType = sourcecode.swift; path = "Expense+CoreDataProperties.swift"; sourceTree = "<group>"; };
/* End PBXFileReference section */

/* Begin PBXFrameworksBuildPhase section */
		682393AE2267DBF600185645 /* Frameworks */ = {
			isa = PBXFrameworksBuildPhase;
			buildActionMask = 2147483647;
			files = (
			);
			runOnlyForDeploymentPostprocessing = 0;
		};
		682393C52267DBF800185645 /* Frameworks */ = {
			isa = PBXFrameworksBuildPhase;
			buildActionMask = 2147483647;
			files = (
			);
			runOnlyForDeploymentPostprocessing = 0;
		};
		682393D02267DBF800185645 /* Frameworks */ = {
			isa = PBXFrameworksBuildPhase;
			buildActionMask = 2147483647;
			files = (
			);
			runOnlyForDeploymentPostprocessing = 0;
		};
/* End PBXFrameworksBuildPhase section */

/* Begin PBXGroup section */
		682393A82267DBF600185645 = {
			isa = PBXGroup;
			children = (
				682393B32267DBF600185645 /* CoreDataExpense */,
				682393CB2267DBF800185645 /* CoreDataExpenseTests */,
				682393D62267DBF800185645 /* CoreDataExpenseUITests */,
				682393B22267DBF600185645 /* Products */,
			);
			sourceTree = "<group>";
		};
		682393B22267DBF600185645 /* Products */ = {
			isa = PBXGroup;
			children = (
				682393B12267DBF600185645 /* CoreDataExpense.app */,
				682393C82267DBF800185645 /* CoreDataExpenseTests.xctest */,
				682393D32267DBF800185645 /* CoreDataExpenseUITests.xctest */,
			);
			name = Products;
			sourceTree = "<group>";
		};
		682393B32267DBF600185645 /* CoreDataExpense */ = {
			isa = PBXGroup;
			children = (
				682393E92269199E00185645 /* Expense+CoreDataClass.swift */,
				682393EA2269199E00185645 /* Expense+CoreDataProperties.swift */,
				682393B42267DBF600185645 /* AppDelegate.swift */,
				682393B82267DBF600185645 /* Main.storyboard */,
				682393BE2267DBF800185645 /* Assets.xcassets */,
				682393C02267DBF800185645 /* LaunchScreen.storyboard */,
				682393C32267DBF800185645 /* Info.plist */,
				682393BB2267DBF600185645 /* CoreDataExpense.xcdatamodeld */,
				682393E52267DC4100185645 /* ExpenseViewController.swift */,
				682393E72267DCB800185645 /* SingleExpenseViewController.swift */,
			);
			path = CoreDataExpense;
			sourceTree = "<group>";
		};
		682393CB2267DBF800185645 /* CoreDataExpenseTests */ = {
			isa = PBXGroup;
			children = (
				682393CC2267DBF800185645 /* CoreDataExpenseTests.swift */,
				682393CE2267DBF800185645 /* Info.plist */,
			);
			path = CoreDataExpenseTests;
			sourceTree = "<group>";
		};
		682393D62267DBF800185645 /* CoreDataExpenseUITests */ = {
			isa = PBXGroup;
			children = (
				682393D72267DBF800185645 /* CoreDataExpenseUITests.swift */,
				682393D92267DBF800185645 /* Info.plist */,
			);
			path = CoreDataExpenseUITests;
			sourceTree = "<group>";
		};
/* End PBXGroup section */

/* Begin PBXNativeTarget section */
		682393B02267DBF600185645 /* CoreDataExpense */ = {
			isa = PBXNativeTarget;
			buildConfigurationList = 682393DC2267DBF800185645 /* Build configuration list for PBXNativeTarget "CoreDataExpense" */;
			buildPhases = (
				682393AD2267DBF600185645 /* Sources */,
				682393AE2267DBF600185645 /* Frameworks */,
				682393AF2267DBF600185645 /* Resources */,
			);
			buildRules = (
			);
			dependencies = (
			);
			name = CoreDataExpense;
			productName = CoreDataExpense;
			productReference = 682393B12267DBF600185645 /* CoreDataExpense.app */;
			productType = "com.apple.product-type.application";
		};
		682393C72267DBF800185645 /* CoreDataExpenseTests */ = {
			isa = PBXNativeTarget;
			buildConfigurationList = 682393DF2267DBF800185645 /* Build configuration list for PBXNativeTarget "CoreDataExpenseTests" */;
			buildPhases = (
				682393C42267DBF800185645 /* Sources */,
				682393C52267DBF800185645 /* Frameworks */,
				682393C62267DBF800185645 /* Resources */,
			);
			buildRules = (
			);
			dependencies = (
				682393CA2267DBF800185645 /* PBXTargetDependency */,
			);
			name = CoreDataExpenseTests;
			productName = CoreDataExpenseTests;
			productReference = 682393C82267DBF800185645 /* CoreDataExpenseTests.xctest */;
			productType = "com.apple.product-type.bundle.unit-test";
		};
		682393D22267DBF800185645 /* CoreDataExpenseUITests */ = {
			isa = PBXNativeTarget;
			buildConfigurationList = 682393E22267DBF800185645 /* Build configuration list for PBXNativeTarget "CoreDataExpenseUITests" */;
			buildPhases = (
				682393CF2267DBF800185645 /* Sources */,
				682393D02267DBF800185645 /* Frameworks */,
				682393D12267DBF800185645 /* Resources */,
			);
			buildRules = (
			);
			dependencies = (
				682393D52267DBF800185645 /* PBXTargetDependency */,
			);
			name = CoreDataExpenseUITests;
			productName = CoreDataExpenseUITests;
			productReference = 682393D32267DBF800185645 /* CoreDataExpenseUITests.xctest */;
			productType = "com.apple.product-type.bundle.ui-testing";
		};
/* End PBXNativeTarget section */

/* Begin PBXProject section */
		682393A92267DBF600185645 /* Project object */ = {
			isa = PBXProject;
			attributes = {
				LastSwiftUpdateCheck = 1020;
				LastUpgradeCheck = 1020;
				ORGANIZATIONNAME = "Graeson Bullington";
				TargetAttributes = {
					682393B02267DBF600185645 = {
						CreatedOnToolsVersion = 10.2;
					};
					682393C72267DBF800185645 = {
						CreatedOnToolsVersion = 10.2;
						TestTargetID = 682393B02267DBF600185645;
					};
					682393D22267DBF800185645 = {
						CreatedOnToolsVersion = 10.2;
						TestTargetID = 682393B02267DBF600185645;
					};
				};
			};
			buildConfigurationList = 682393AC2267DBF600185645 /* Build configuration list for PBXProject "CoreDataExpense" */;
			compatibilityVersion = "Xcode 9.3";
			developmentRegion = en;
			hasScannedForEncodings = 0;
			knownRegions = (
				en,
				Base,
			);
			mainGroup = 682393A82267DBF600185645;
			productRefGroup = 682393B22267DBF600185645 /* Products */;
			projectDirPath = "";
			projectRoot = "";
			targets = (
				682393B02267DBF600185645 /* CoreDataExpense */,
				682393C72267DBF800185645 /* CoreDataExpenseTests */,
				682393D22267DBF800185645 /* CoreDataExpenseUITests */,
			);
		};
/* End PBXProject section */

/* Begin PBXResourcesBuildPhase section */
		682393AF2267DBF600185645 /* Resources */ = {
			isa = PBXResourcesBuildPhase;
			buildActionMask = 2147483647;
			files = (
				682393C22267DBF800185645 /* LaunchScreen.storyboard in Resources */,
				682393BF2267DBF800185645 /* Assets.xcassets in Resources */,
				682393BA2267DBF600185645 /* Main.storyboard in Resources */,
			);
			runOnlyForDeploymentPostprocessing = 0;
		};
		682393C62267DBF800185645 /* Resources */ = {
			isa = PBXResourcesBuildPhase;
			buildActionMask = 2147483647;
			files = (
			);
			runOnlyForDeploymentPostprocessing = 0;
		};
		682393D12267DBF800185645 /* Resources */ = {
			isa = PBXResourcesBuildPhase;
			buildActionMask = 2147483647;
			files = (
			);
			runOnlyForDeploymentPostprocessing = 0;
		};
/* End PBXResourcesBuildPhase section */

/* Begin PBXSourcesBuildPhase section */
		682393AD2267DBF600185645 /* Sources */ = {
			isa = PBXSourcesBuildPhase;
			buildActionMask = 2147483647;
			files = (
				682393BD2267DBF600185645 /* CoreDataExpense.xcdatamodeld in Sources */,
				682393B52267DBF600185645 /* AppDelegate.swift in Sources */,
				682393EC2269199E00185645 /* Expense+CoreDataProperties.swift in Sources */,
				682393EB2269199E00185645 /* Expense+CoreDataClass.swift in Sources */,
				682393E62267DC4100185645 /* ExpenseViewController.swift in Sources */,
				682393E82267DCB800185645 /* SingleExpenseViewController.swift in Sources */,
			);
			runOnlyForDeploymentPostprocessing = 0;
		};
		682393C42267DBF800185645 /* Sources */ = {
			isa = PBXSourcesBuildPhase;
			buildActionMask = 2147483647;
			files = (
				682393CD2267DBF800185645 /* CoreDataExpenseTests.swift in Sources */,
			);
			runOnlyForDeploymentPostprocessing = 0;
		};
		682393CF2267DBF800185645 /* Sources */ = {
			isa = PBXSourcesBuildPhase;
			buildActionMask = 2147483647;
			files = (
				682393D82267DBF800185645 /* CoreDataExpenseUITests.swift in Sources */,
			);
			runOnlyForDeploymentPostprocessing = 0;
		};
/* End PBXSourcesBuildPhase section */

/* Begin PBXTargetDependency section */
		682393CA2267DBF800185645 /* PBXTargetDependency */ = {
			isa = PBXTargetDependency;
			target = 682393B02267DBF600185645 /* CoreDataExpense */;
			targetProxy = 682393C92267DBF800185645 /* PBXContainerItemProxy */;
		};
		682393D52267DBF800185645 /* PBXTargetDependency */ = {
			isa = PBXTargetDependency;
			target = 682393B02267DBF600185645 /* CoreDataExpense */;
			targetProxy = 682393D42267DBF800185645 /* PBXContainerItemProxy */;
		};
/* End PBXTargetDependency section */

/* Begin PBXVariantGroup section */
		682393B82267DBF600185645 /* Main.storyboard */ = {
			isa = PBXVariantGroup;
			children = (
				682393B92267DBF600185645 /* Base */,
			);
			name = Main.storyboard;
			sourceTree = "<group>";
		};
		682393C02267DBF800185645 /* LaunchScreen.storyboard */ = {
			isa = PBXVariantGroup;
			children = (
				682393C12267DBF800185645 /* Base */,
			);
			name = LaunchScreen.storyboard;
			sourceTree = "<group>";
		};
/* End PBXVariantGroup section */

/* Begin XCBuildConfiguration section */
		682393DA2267DBF800185645 /* Debug */ = {
			isa = XCBuildConfiguration;
			buildSettings = {
				ALWAYS_SEARCH_USER_PATHS = NO;
				CLANG_ANALYZER_NONNULL = YES;
				CLANG_ANALYZER_NUMBER_OBJECT_CONVERSION = YES_AGGRESSIVE;
				CLANG_CXX_LANGUAGE_STANDARD = "gnu++14";
				CLANG_CXX_LIBRARY = "libc++";
				CLANG_ENABLE_MODULES = YES;
				CLANG_ENABLE_OBJC_ARC = YES;
				CLANG_ENABLE_OBJC_WEAK = YES;
				CLANG_WARN_BLOCK_CAPTURE_AUTORELEASING = YES;
				CLANG_WARN_BOOL_CONVERSION = YES;
				CLANG_WARN_COMMA = YES;
				CLANG_WARN_CONSTANT_CONVERSION = YES;
				CLANG_WARN_DEPRECATED_OBJC_IMPLEMENTATIONS = YES;
				CLANG_WARN_DIRECT_OBJC_ISA_USAGE = YES_ERROR;
				CLANG_WARN_DOCUMENTATION_COMMENTS = YES;
				CLANG_WARN_EMPTY_BODY = YES;
				CLANG_WARN_ENUM_CONVERSION = YES;
				CLANG_WARN_INFINITE_RECURSION = YES;
				CLANG_WARN_INT_CONVERSION = YES;
				CLANG_WARN_NON_LITERAL_NULL_CONVERSION = YES;
				CLANG_WARN_OBJC_IMPLICIT_RETAIN_SELF = YES;
				CLANG_WARN_OBJC_LITERAL_CONVERSION = YES;
				CLANG_WARN_OBJC_ROOT_CLASS = YES_ERROR;
				CLANG_WARN_RANGE_LOOP_ANALYSIS = YES;
				CLANG_WARN_STRICT_PROTOTYPES = YES;
				CLANG_WARN_SUSPICIOUS_MOVE = YES;
				CLANG_WARN_UNGUARDED_AVAILABILITY = YES_AGGRESSIVE;
				CLANG_WARN_UNREACHABLE_CODE = YES;
				CLANG_WARN__DUPLICATE_METHOD_MATCH = YES;
				CODE_SIGN_IDENTITY = "iPhone Developer";
				COPY_PHASE_STRIP = NO;
				DEBUG_INFORMATION_FORMAT = dwarf;
				ENABLE_STRICT_OBJC_MSGSEND = YES;
				ENABLE_TESTABILITY = YES;
				GCC_C_LANGUAGE_STANDARD = gnu11;
				GCC_DYNAMIC_NO_PIC = NO;
				GCC_NO_COMMON_BLOCKS = YES;
				GCC_OPTIMIZATION_LEVEL = 0;
				GCC_PREPROCESSOR_DEFINITIONS = (
					"DEBUG=1",
					"$(inherited)",
				);
				GCC_WARN_64_TO_32_BIT_CONVERSION = YES;
				GCC_WARN_ABOUT_RETURN_TYPE = YES_ERROR;
				GCC_WARN_UNDECLARED_SELECTOR = YES;
				GCC_WARN_UNINITIALIZED_AUTOS = YES_AGGRESSIVE;
				GCC_WARN_UNUSED_FUNCTION = YES;
				GCC_WARN_UNUSED_VARIABLE = YES;
				IPHONEOS_DEPLOYMENT_TARGET = 12.2;
				MTL_ENABLE_DEBUG_INFO = INCLUDE_SOURCE;
				MTL_FAST_MATH = YES;
				ONLY_ACTIVE_ARCH = YES;
				SDKROOT = iphoneos;
				SWIFT_ACTIVE_COMPILATION_CONDITIONS = DEBUG;
				SWIFT_OPTIMIZATION_LEVEL = "-Onone";
			};
			name = Debug;
		};
		682393DB2267DBF800185645 /* Release */ = {
			isa = XCBuildConfiguration;
			buildSettings = {
				ALWAYS_SEARCH_USER_PATHS = NO;
				CLANG_ANALYZER_NONNULL = YES;
				CLANG_ANALYZER_NUMBER_OBJECT_CONVERSION = YES_AGGRESSIVE;
				CLANG_CXX_LANGUAGE_STANDARD = "gnu++14";
				CLANG_CXX_LIBRARY = "libc++";
				CLANG_ENABLE_MODULES = YES;
				CLANG_ENABLE_OBJC_ARC = YES;
				CLANG_ENABLE_OBJC_WEAK = YES;
				CLANG_WARN_BLOCK_CAPTURE_AUTORELEASING = YES;
				CLANG_WARN_BOOL_CONVERSION = YES;
				CLANG_WARN_COMMA = YES;
				CLANG_WARN_CONSTANT_CONVERSION = YES;
				CLANG_WARN_DEPRECATED_OBJC_IMPLEMENTATIONS = YES;
				CLANG_WARN_DIRECT_OBJC_ISA_USAGE = YES_ERROR;
				CLANG_WARN_DOCUMENTATION_COMMENTS = YES;
				CLANG_WARN_EMPTY_BODY = YES;
				CLANG_WARN_ENUM_CONVERSION = YES;
				CLANG_WARN_INFINITE_RECURSION = YES;
				CLANG_WARN_INT_CONVERSION = YES;
				CLANG_WARN_NON_LITERAL_NULL_CONVERSION = YES;
				CLANG_WARN_OBJC_IMPLICIT_RETAIN_SELF = YES;
				CLANG_WARN_OBJC_LITERAL_CONVERSION = YES;
				CLANG_WARN_OBJC_ROOT_CLASS = YES_ERROR;
				CLANG_WARN_RANGE_LOOP_ANALYSIS = YES;
				CLANG_WARN_STRICT_PROTOTYPES = YES;
				CLANG_WARN_SUSPICIOUS_MOVE = YES;
				CLANG_WARN_UNGUARDED_AVAILABILITY = YES_AGGRESSIVE;
				CLANG_WARN_UNREACHABLE_CODE = YES;
				CLANG_WARN__DUPLICATE_METHOD_MATCH = YES;
				CODE_SIGN_IDENTITY = "iPhone Developer";
				COPY_PHASE_STRIP = NO;
				DEBUG_INFORMATION_FORMAT = "dwarf-with-dsym";
				ENABLE_NS_ASSERTIONS = NO;
				ENABLE_STRICT_OBJC_MSGSEND = YES;
				GCC_C_LANGUAGE_STANDARD = gnu11;
				GCC_NO_COMMON_BLOCKS = YES;
				GCC_WARN_64_TO_32_BIT_CONVERSION = YES;
				GCC_WARN_ABOUT_RETURN_TYPE = YES_ERROR;
				GCC_WARN_UNDECLARED_SELECTOR = YES;
				GCC_WARN_UNINITIALIZED_AUTOS = YES_AGGRESSIVE;
				GCC_WARN_UNUSED_FUNCTION = YES;
				GCC_WARN_UNUSED_VARIABLE = YES;
				IPHONEOS_DEPLOYMENT_TARGET = 12.2;
				MTL_ENABLE_DEBUG_INFO = NO;
				MTL_FAST_MATH = YES;
				SDKROOT = iphoneos;
				SWIFT_COMPILATION_MODE = wholemodule;
				SWIFT_OPTIMIZATION_LEVEL = "-O";
				VALIDATE_PRODUCT = YES;
			};
			name = Release;
		};
		682393DD2267DBF800185645 /* Debug */ = {
			isa = XCBuildConfiguration;
			buildSettings = {
				ASSETCATALOG_COMPILER_APPICON_NAME = AppIcon;
				CODE_SIGN_STYLE = Automatic;
				DEVELOPMENT_TEAM = R25MAW4DYR;
				INFOPLIST_FILE = CoreDataExpense/Info.plist;
				LD_RUNPATH_SEARCH_PATHS = (
					"$(inherited)",
					"@executable_path/Frameworks",
				);
				PRODUCT_BUNDLE_IDENTIFIER = edu.missouri.CoreDataExpense;
				PRODUCT_NAME = "$(TARGET_NAME)";
				SWIFT_VERSION = 5.0;
				TARGETED_DEVICE_FAMILY = "1,2";
			};
			name = Debug;
		};
		682393DE2267DBF800185645 /* Release */ = {
			isa = XCBuildConfiguration;
			buildSettings = {
				ASSETCATALOG_COMPILER_APPICON_NAME = AppIcon;
				CODE_SIGN_STYLE = Automatic;
				DEVELOPMENT_TEAM = R25MAW4DYR;
				INFOPLIST_FILE = CoreDataExpense/Info.plist;
				LD_RUNPATH_SEARCH_PATHS = (
					"$(inherited)",
					"@executable_path/Frameworks",
				);
				PRODUCT_BUNDLE_IDENTIFIER = edu.missouri.CoreDataExpense;
				PRODUCT_NAME = "$(TARGET_NAME)";
				SWIFT_VERSION = 5.0;
				TARGETED_DEVICE_FAMILY = "1,2";
			};
			name = Release;
		};
		682393E02267DBF800185645 /* Debug */ = {
			isa = XCBuildConfiguration;
			buildSettings = {
				ALWAYS_EMBED_SWIFT_STANDARD_LIBRARIES = YES;
				BUNDLE_LOADER = "$(TEST_HOST)";
				CODE_SIGN_STYLE = Automatic;
				DEVELOPMENT_TEAM = R25MAW4DYR;
				INFOPLIST_FILE = CoreDataExpenseTests/Info.plist;
				LD_RUNPATH_SEARCH_PATHS = (
					"$(inherited)",
					"@executable_path/Frameworks",
					"@loader_path/Frameworks",
				);
				PRODUCT_BUNDLE_IDENTIFIER = edu.missouri.CoreDataExpenseTests;
				PRODUCT_NAME = "$(TARGET_NAME)";
				SWIFT_VERSION = 5.0;
				TARGETED_DEVICE_FAMILY = "1,2";
				TEST_HOST = "$(BUILT_PRODUCTS_DIR)/CoreDataExpense.app/CoreDataExpense";
			};
			name = Debug;
		};
		682393E12267DBF800185645 /* Release */ = {
			isa = XCBuildConfiguration;
			buildSettings = {
				ALWAYS_EMBED_SWIFT_STANDARD_LIBRARIES = YES;
				BUNDLE_LOADER = "$(TEST_HOST)";
				CODE_SIGN_STYLE = Automatic;
				DEVELOPMENT_TEAM = R25MAW4DYR;
				INFOPLIST_FILE = CoreDataExpenseTests/Info.plist;
				LD_RUNPATH_SEARCH_PATHS = (
					"$(inherited)",
					"@executable_path/Frameworks",
					"@loader_path/Frameworks",
				);
				PRODUCT_BUNDLE_IDENTIFIER = edu.missouri.CoreDataExpenseTests;
				PRODUCT_NAME = "$(TARGET_NAME)";
				SWIFT_VERSION = 5.0;
				TARGETED_DEVICE_FAMILY = "1,2";
				TEST_HOST = "$(BUILT_PRODUCTS_DIR)/CoreDataExpense.app/CoreDataExpense";
			};
			name = Release;
		};
		682393E32267DBF800185645 /* Debug */ = {
			isa = XCBuildConfiguration;
			buildSettings = {
				ALWAYS_EMBED_SWIFT_STANDARD_LIBRARIES = YES;
				CODE_SIGN_STYLE = Automatic;
				DEVELOPMENT_TEAM = R25MAW4DYR;
				INFOPLIST_FILE = CoreDataExpenseUITests/Info.plist;
				LD_RUNPATH_SEARCH_PATHS = (
					"$(inherited)",
					"@executable_path/Frameworks",
					"@loader_path/Frameworks",
				);
				PRODUCT_BUNDLE_IDENTIFIER = edu.missouri.CoreDataExpenseUITests;
				PRODUCT_NAME = "$(TARGET_NAME)";
				SWIFT_VERSION = 5.0;
				TARGETED_DEVICE_FAMILY = "1,2";
				TEST_TARGET_NAME = CoreDataExpense;
			};
			name = Debug;
		};
		682393E42267DBF800185645 /* Release */ = {
			isa = XCBuildConfiguration;
			buildSettings = {
				ALWAYS_EMBED_SWIFT_STANDARD_LIBRARIES = YES;
				CODE_SIGN_STYLE = Automatic;
				DEVELOPMENT_TEAM = R25MAW4DYR;
				INFOPLIST_FILE = CoreDataExpenseUITests/Info.plist;
				LD_RUNPATH_SEARCH_PATHS = (
					"$(inherited)",
					"@executable_path/Frameworks",
					"@loader_path/Frameworks",
				);
				PRODUCT_BUNDLE_IDENTIFIER = edu.missouri.CoreDataExpenseUITests;
				PRODUCT_NAME = "$(TARGET_NAME)";
				SWIFT_VERSION = 5.0;
				TARGETED_DEVICE_FAMILY = "1,2";
				TEST_TARGET_NAME = CoreDataExpense;
			};
			name = Release;
		};
/* End XCBuildConfiguration section */

/* Begin XCConfigurationList section */
		682393AC2267DBF600185645 /* Build configuration list for PBXProject "CoreDataExpense" */ = {
			isa = XCConfigurationList;
			buildConfigurations = (
				682393DA2267DBF800185645 /* Debug */,
				682393DB2267DBF800185645 /* Release */,
			);
			defaultConfigurationIsVisible = 0;
			defaultConfigurationName = Release;
		};
		682393DC2267DBF800185645 /* Build configuration list for PBXNativeTarget "CoreDataExpense" */ = {
			isa = XCConfigurationList;
			buildConfigurations = (
				682393DD2267DBF800185645 /* Debug */,
				682393DE2267DBF800185645 /* Release */,
			);
			defaultConfigurationIsVisible = 0;
			defaultConfigurationName = Release;
		};
		682393DF2267DBF800185645 /* Build configuration list for PBXNativeTarget "CoreDataExpenseTests" */ = {
			isa = XCConfigurationList;
			buildConfigurations = (
				682393E02267DBF800185645 /* Debug */,
				682393E12267DBF800185645 /* Release */,
			);
			defaultConfigurationIsVisible = 0;
			defaultConfigurationName = Release;
		};
		682393E22267DBF800185645 /* Build configuration list for PBXNativeTarget "CoreDataExpenseUITests" */ = {
			isa = XCConfigurationList;
			buildConfigurations = (
				682393E32267DBF800185645 /* Debug */,
				682393E42267DBF800185645 /* Release */,
			);
			defaultConfigurationIsVisible = 0;
			defaultConfigurationName = Release;
		};
/* End XCConfigurationList section */

/* Begin XCVersionGroup section */
		682393BB2267DBF600185645 /* CoreDataExpense.xcdatamodeld */ = {
			isa = XCVersionGroup;
			children = (
				682393BC2267DBF600185645 /* CoreDataExpense.xcdatamodel */,
			);
			currentVersion = 682393BC2267DBF600185645 /* CoreDataExpense.xcdatamodel */;
			path = CoreDataExpense.xcdatamodeld;
			sourceTree = "<group>";
			versionGroupType = wrapper.xcdatamodel;
		};
/* End XCVersionGroup section */
	};
	rootObject = 682393A92267DBF600185645 /* Project object */;
}
